// !$*UTF8*$!
{
	archiveVersion = 1;
	classes = {
	};
	objectVersion = 55;
	objects = {

/* Begin PBXBuildFile section */
		044CAF2B278466080042EC19 /* AppDelegate.swift in Sources */ = {isa = PBXBuildFile; fileRef = 044CAF2A278466080042EC19 /* AppDelegate.swift */; };
		044CAF2D278466080042EC19 /* SceneDelegate.swift in Sources */ = {isa = PBXBuildFile; fileRef = 044CAF2C278466080042EC19 /* SceneDelegate.swift */; };
		044CAF2F278466080042EC19 /* SignUpTraineeViewController.swift in Sources */ = {isa = PBXBuildFile; fileRef = 044CAF2E278466080042EC19 /* SignUpTraineeViewController.swift */; };
		044CAF32278466080042EC19 /* Main.storyboard in Resources */ = {isa = PBXBuildFile; fileRef = 044CAF30278466080042EC19 /* Main.storyboard */; };
		044CAF34278466150042EC19 /* Assets.xcassets in Resources */ = {isa = PBXBuildFile; fileRef = 044CAF33278466150042EC19 /* Assets.xcassets */; };
		044CAF37278466150042EC19 /* LaunchScreen.storyboard in Resources */ = {isa = PBXBuildFile; fileRef = 044CAF35278466150042EC19 /* LaunchScreen.storyboard */; };
		044CAF3F27846FE80042EC19 /* GoogleService-Info.plist in Resources */ = {isa = PBXBuildFile; fileRef = 044CAF3E27846FE80042EC19 /* GoogleService-Info.plist */; };
		04F2AE2D2785A80F00BD5D7B /* TrainerSignUpViewController.swift in Sources */ = {isa = PBXBuildFile; fileRef = 04F2AE2C2785A80F00BD5D7B /* TrainerSignUpViewController.swift */; };
		04F2AE2F2785DF7C00BD5D7B /* LoginViewController.swift in Sources */ = {isa = PBXBuildFile; fileRef = 04F2AE2E2785DF7C00BD5D7B /* LoginViewController.swift */; };
		04F2AE332786DC3100BD5D7B /* HomeViewController.swift in Sources */ = {isa = PBXBuildFile; fileRef = 04F2AE322786DC3100BD5D7B /* HomeViewController.swift */; };
		04F2AE352786E18A00BD5D7B /* TraineeTabBarController.swift in Sources */ = {isa = PBXBuildFile; fileRef = 04F2AE342786E18A00BD5D7B /* TraineeTabBarController.swift */; };
		04F2AE372786FA8400BD5D7B /* HomeTableViewCell.swift in Sources */ = {isa = PBXBuildFile; fileRef = 04F2AE362786FA8300BD5D7B /* HomeTableViewCell.swift */; };
		8F8827BE47A89500E77F6C75 /* Pods_BFit.framework in Frameworks */ = {isa = PBXBuildFile; fileRef = 6C7C19D93453C07DCB2066DA /* Pods_BFit.framework */; };
/* End PBXBuildFile section */

/* Begin PBXFileReference section */
		044CAF27278466080042EC19 /* BFit.app */ = {isa = PBXFileReference; explicitFileType = wrapper.application; includeInIndex = 0; path = BFit.app; sourceTree = BUILT_PRODUCTS_DIR; };
		044CAF2A278466080042EC19 /* AppDelegate.swift */ = {isa = PBXFileReference; lastKnownFileType = sourcecode.swift; path = AppDelegate.swift; sourceTree = "<group>"; };
		044CAF2C278466080042EC19 /* SceneDelegate.swift */ = {isa = PBXFileReference; lastKnownFileType = sourcecode.swift; path = SceneDelegate.swift; sourceTree = "<group>"; };
		044CAF2E278466080042EC19 /* SignUpTraineeViewController.swift */ = {isa = PBXFileReference; lastKnownFileType = sourcecode.swift; path = SignUpTraineeViewController.swift; sourceTree = "<group>"; };
		044CAF31278466080042EC19 /* Base */ = {isa = PBXFileReference; lastKnownFileType = file.storyboard; name = Base; path = Base.lproj/Main.storyboard; sourceTree = "<group>"; };
		044CAF33278466150042EC19 /* Assets.xcassets */ = {isa = PBXFileReference; lastKnownFileType = folder.assetcatalog; path = Assets.xcassets; sourceTree = "<group>"; };
		044CAF36278466150042EC19 /* Base */ = {isa = PBXFileReference; lastKnownFileType = file.storyboard; name = Base; path = Base.lproj/LaunchScreen.storyboard; sourceTree = "<group>"; };
		044CAF38278466150042EC19 /* Info.plist */ = {isa = PBXFileReference; lastKnownFileType = text.plist.xml; path = Info.plist; sourceTree = "<group>"; };
		044CAF3E27846FE80042EC19 /* GoogleService-Info.plist */ = {isa = PBXFileReference; fileEncoding = 4; lastKnownFileType = text.plist.xml; path = "GoogleService-Info.plist"; sourceTree = "<group>"; };
		04F2AE2C2785A80F00BD5D7B /* TrainerSignUpViewController.swift */ = {isa = PBXFileReference; lastKnownFileType = sourcecode.swift; path = TrainerSignUpViewController.swift; sourceTree = "<group>"; };
		04F2AE2E2785DF7C00BD5D7B /* LoginViewController.swift */ = {isa = PBXFileReference; lastKnownFileType = sourcecode.swift; path = LoginViewController.swift; sourceTree = "<group>"; };
		04F2AE322786DC3100BD5D7B /* HomeViewController.swift */ = {isa = PBXFileReference; lastKnownFileType = sourcecode.swift; path = HomeViewController.swift; sourceTree = "<group>"; };
		04F2AE342786E18A00BD5D7B /* TraineeTabBarController.swift */ = {isa = PBXFileReference; lastKnownFileType = sourcecode.swift; path = TraineeTabBarController.swift; sourceTree = "<group>"; };
		04F2AE362786FA8300BD5D7B /* HomeTableViewCell.swift */ = {isa = PBXFileReference; lastKnownFileType = sourcecode.swift; path = HomeTableViewCell.swift; sourceTree = "<group>"; };
		4D9EA14F444E24F133E45968 /* Pods-BFit.debug.xcconfig */ = {isa = PBXFileReference; includeInIndex = 1; lastKnownFileType = text.xcconfig; name = "Pods-BFit.debug.xcconfig"; path = "Target Support Files/Pods-BFit/Pods-BFit.debug.xcconfig"; sourceTree = "<group>"; };
		4F44D7A55C7C257EE802FC43 /* Pods-BFit.release.xcconfig */ = {isa = PBXFileReference; includeInIndex = 1; lastKnownFileType = text.xcconfig; name = "Pods-BFit.release.xcconfig"; path = "Target Support Files/Pods-BFit/Pods-BFit.release.xcconfig"; sourceTree = "<group>"; };
		6C7C19D93453C07DCB2066DA /* Pods_BFit.framework */ = {isa = PBXFileReference; explicitFileType = wrapper.framework; includeInIndex = 0; path = Pods_BFit.framework; sourceTree = BUILT_PRODUCTS_DIR; };
/* End PBXFileReference section */

/* Begin PBXFrameworksBuildPhase section */
		044CAF24278466080042EC19 /* Frameworks */ = {
			isa = PBXFrameworksBuildPhase;
			buildActionMask = 2147483647;
			files = (
				8F8827BE47A89500E77F6C75 /* Pods_BFit.framework in Frameworks */,
			);
			runOnlyForDeploymentPostprocessing = 0;
		};
/* End PBXFrameworksBuildPhase section */

/* Begin PBXGroup section */
		044CAF1E278466080042EC19 = {
			isa = PBXGroup;
			children = (
				044CAF29278466080042EC19 /* BFit */,
				044CAF28278466080042EC19 /* Products */,
				7EC137CEA3FD2981AE02FCE7 /* Pods */,
				4A89E27DCE0C6EE381A84EA5 /* Frameworks */,
			);
			sourceTree = "<group>";
		};
		044CAF28278466080042EC19 /* Products */ = {
			isa = PBXGroup;
			children = (
				044CAF27278466080042EC19 /* BFit.app */,
			);
			name = Products;
			sourceTree = "<group>";
		};
		044CAF29278466080042EC19 /* BFit */ = {
			isa = PBXGroup;
			children = (
				044CAF2A278466080042EC19 /* AppDelegate.swift */,
				044CAF2C278466080042EC19 /* SceneDelegate.swift */,
				044CAF4127849EAA0042EC19 /* Model */,
				044CAF4227849EB90042EC19 /* View */,
				044CAF4027849E8D0042EC19 /* Controller */,
				044CAF3E27846FE80042EC19 /* GoogleService-Info.plist */,
				044CAF33278466150042EC19 /* Assets.xcassets */,
				044CAF38278466150042EC19 /* Info.plist */,
			);
			path = BFit;
			sourceTree = "<group>";
		};
		044CAF4027849E8D0042EC19 /* Controller */ = {
			isa = PBXGroup;
			children = (
				044CAF2E278466080042EC19 /* SignUpTraineeViewController.swift */,
				04F2AE2C2785A80F00BD5D7B /* TrainerSignUpViewController.swift */,
				04F2AE2E2785DF7C00BD5D7B /* LoginViewController.swift */,
				04F2AE342786E18A00BD5D7B /* TraineeTabBarController.swift */,
				04F2AE322786DC3100BD5D7B /* HomeViewController.swift */,
				04F2AE362786FA8300BD5D7B /* HomeTableViewCell.swift */,
			);
			path = Controller;
			sourceTree = "<group>";
		};
		044CAF4127849EAA0042EC19 /* Model */ = {
			isa = PBXGroup;
			children = (
			);
			path = Model;
			sourceTree = "<group>";
		};
		044CAF4227849EB90042EC19 /* View */ = {
			isa = PBXGroup;
			children = (
				044CAF30278466080042EC19 /* Main.storyboard */,
				044CAF35278466150042EC19 /* LaunchScreen.storyboard */,
			);
			path = View;
			sourceTree = "<group>";
		};
		4A89E27DCE0C6EE381A84EA5 /* Frameworks */ = {
			isa = PBXGroup;
			children = (
				6C7C19D93453C07DCB2066DA /* Pods_BFit.framework */,
			);
			name = Frameworks;
			sourceTree = "<group>";
		};
		7EC137CEA3FD2981AE02FCE7 /* Pods */ = {
			isa = PBXGroup;
			children = (
				4D9EA14F444E24F133E45968 /* Pods-BFit.debug.xcconfig */,
				4F44D7A55C7C257EE802FC43 /* Pods-BFit.release.xcconfig */,
			);
			path = Pods;
			sourceTree = "<group>";
		};
/* End PBXGroup section */

/* Begin PBXNativeTarget section */
		044CAF26278466080042EC19 /* BFit */ = {
			isa = PBXNativeTarget;
			buildConfigurationList = 044CAF3B278466150042EC19 /* Build configuration list for PBXNativeTarget "BFit" */;
			buildPhases = (
				728764F7639CF7190D37251E /* [CP] Check Pods Manifest.lock */,
				044CAF23278466080042EC19 /* Sources */,
				044CAF24278466080042EC19 /* Frameworks */,
				044CAF25278466080042EC19 /* Resources */,
				A4F02697398DC3422192E458 /* [CP] Embed Pods Frameworks */,
			);
			buildRules = (
			);
			dependencies = (
			);
			name = BFit;
			productName = BFit;
			productReference = 044CAF27278466080042EC19 /* BFit.app */;
			productType = "com.apple.product-type.application";
		};
/* End PBXNativeTarget section */

/* Begin PBXProject section */
		044CAF1F278466080042EC19 /* Project object */ = {
			isa = PBXProject;
			attributes = {
				BuildIndependentTargetsInParallel = 1;
				LastSwiftUpdateCheck = 1300;
				LastUpgradeCheck = 1300;
				TargetAttributes = {
					044CAF26278466080042EC19 = {
						CreatedOnToolsVersion = 13.0;
					};
				};
			};
			buildConfigurationList = 044CAF22278466080042EC19 /* Build configuration list for PBXProject "BFit" */;
			compatibilityVersion = "Xcode 13.0";
			developmentRegion = en;
			hasScannedForEncodings = 0;
			knownRegions = (
				en,
				Base,
			);
			mainGroup = 044CAF1E278466080042EC19;
			productRefGroup = 044CAF28278466080042EC19 /* Products */;
			projectDirPath = "";
			projectRoot = "";
			targets = (
				044CAF26278466080042EC19 /* BFit */,
			);
		};
/* End PBXProject section */

/* Begin PBXResourcesBuildPhase section */
		044CAF25278466080042EC19 /* Resources */ = {
			isa = PBXResourcesBuildPhase;
			buildActionMask = 2147483647;
			files = (
				044CAF37278466150042EC19 /* LaunchScreen.storyboard in Resources */,
				044CAF3F27846FE80042EC19 /* GoogleService-Info.plist in Resources */,
				044CAF34278466150042EC19 /* Assets.xcassets in Resources */,
				044CAF32278466080042EC19 /* Main.storyboard in Resources */,
			);
			runOnlyForDeploymentPostprocessing = 0;
		};
/* End PBXResourcesBuildPhase section */

/* Begin PBXShellScriptBuildPhase section */
		728764F7639CF7190D37251E /* [CP] Check Pods Manifest.lock */ = {
			isa = PBXShellScriptBuildPhase;
			buildActionMask = 2147483647;
			files = (
			);
			inputFileListPaths = (
			);
			inputPaths = (
				"${PODS_PODFILE_DIR_PATH}/Podfile.lock",
				"${PODS_ROOT}/Manifest.lock",
			);
			name = "[CP] Check Pods Manifest.lock";
			outputFileListPaths = (
			);
			outputPaths = (
				"$(DERIVED_FILE_DIR)/Pods-BFit-checkManifestLockResult.txt",
			);
			runOnlyForDeploymentPostprocessing = 0;
			shellPath = /bin/sh;
			shellScript = "diff \"${PODS_PODFILE_DIR_PATH}/Podfile.lock\" \"${PODS_ROOT}/Manifest.lock\" > /dev/null\nif [ $? != 0 ] ; then\n    # print error to STDERR\n    echo \"error: The sandbox is not in sync with the Podfile.lock. Run 'pod install' or update your CocoaPods installation.\" >&2\n    exit 1\nfi\n# This output is used by Xcode 'outputs' to avoid re-running this script phase.\necho \"SUCCESS\" > \"${SCRIPT_OUTPUT_FILE_0}\"\n";
			showEnvVarsInLog = 0;
		};
		A4F02697398DC3422192E458 /* [CP] Embed Pods Frameworks */ = {
			isa = PBXShellScriptBuildPhase;
			buildActionMask = 2147483647;
			files = (
			);
			inputFileListPaths = (
				"${PODS_ROOT}/Target Support Files/Pods-BFit/Pods-BFit-frameworks-${CONFIGURATION}-input-files.xcfilelist",
			);
			name = "[CP] Embed Pods Frameworks";
			outputFileListPaths = (
				"${PODS_ROOT}/Target Support Files/Pods-BFit/Pods-BFit-frameworks-${CONFIGURATION}-output-files.xcfilelist",
			);
			runOnlyForDeploymentPostprocessing = 0;
			shellPath = /bin/sh;
			shellScript = "\"${PODS_ROOT}/Target Support Files/Pods-BFit/Pods-BFit-frameworks.sh\"\n";
			showEnvVarsInLog = 0;
		};
/* End PBXShellScriptBuildPhase section */

/* Begin PBXSourcesBuildPhase section */
		044CAF23278466080042EC19 /* Sources */ = {
			isa = PBXSourcesBuildPhase;
			buildActionMask = 2147483647;
			files = (
				044CAF2F278466080042EC19 /* SignUpTraineeViewController.swift in Sources */,
				044CAF2B278466080042EC19 /* AppDelegate.swift in Sources */,
				04F2AE2D2785A80F00BD5D7B /* TrainerSignUpViewController.swift in Sources */,
				04F2AE2F2785DF7C00BD5D7B /* LoginViewController.swift in Sources */,
				044CAF2D278466080042EC19 /* SceneDelegate.swift in Sources */,
				04F2AE332786DC3100BD5D7B /* HomeViewController.swift in Sources */,
				04F2AE372786FA8400BD5D7B /* HomeTableViewCell.swift in Sources */,
				04F2AE352786E18A00BD5D7B /* TraineeTabBarController.swift in Sources */,
			);
			runOnlyForDeploymentPostprocessing = 0;
		};
/* End PBXSourcesBuildPhase section */

/* Begin PBXVariantGroup section */
		044CAF30278466080042EC19 /* Main.storyboard */ = {
			isa = PBXVariantGroup;
			children = (
				044CAF31278466080042EC19 /* Base */,
			);
			name = Main.storyboard;
			sourceTree = "<group>";
		};
		044CAF35278466150042EC19 /* LaunchScreen.storyboard */ = {
			isa = PBXVariantGroup;
			children = (
				044CAF36278466150042EC19 /* Base */,
			);
			name = LaunchScreen.storyboard;
			sourceTree = "<group>";
		};
/* End PBXVariantGroup section */

/* Begin XCBuildConfiguration section */
		044CAF39278466150042EC19 /* Debug */ = {
			isa = XCBuildConfiguration;
			buildSettings = {
				ALWAYS_SEARCH_USER_PATHS = NO;
				CLANG_ANALYZER_NONNULL = YES;
				CLANG_ANALYZER_NUMBER_OBJECT_CONVERSION = YES_AGGRESSIVE;
				CLANG_CXX_LANGUAGE_STANDARD = "gnu++17";
				CLANG_CXX_LIBRARY = "libc++";
				CLANG_ENABLE_MODULES = YES;
				CLANG_ENABLE_OBJC_ARC = YES;
				CLANG_ENABLE_OBJC_WEAK = YES;
				CLANG_WARN_BLOCK_CAPTURE_AUTORELEASING = YES;
				CLANG_WARN_BOOL_CONVERSION = YES;
				CLANG_WARN_COMMA = YES;
				CLANG_WARN_CONSTANT_CONVERSION = YES;
				CLANG_WARN_DEPRECATED_OBJC_IMPLEMENTATIONS = YES;
				CLANG_WARN_DIRECT_OBJC_ISA_USAGE = YES_ERROR;
				CLANG_WARN_DOCUMENTATION_COMMENTS = YES;
				CLANG_WARN_EMPTY_BODY = YES;
				CLANG_WARN_ENUM_CONVERSION = YES;
				CLANG_WARN_INFINITE_RECURSION = YES;
				CLANG_WARN_INT_CONVERSION = YES;
				CLANG_WARN_NON_LITERAL_NULL_CONVERSION = YES;
				CLANG_WARN_OBJC_IMPLICIT_RETAIN_SELF = YES;
				CLANG_WARN_OBJC_LITERAL_CONVERSION = YES;
				CLANG_WARN_OBJC_ROOT_CLASS = YES_ERROR;
				CLANG_WARN_QUOTED_INCLUDE_IN_FRAMEWORK_HEADER = YES;
				CLANG_WARN_RANGE_LOOP_ANALYSIS = YES;
				CLANG_WARN_STRICT_PROTOTYPES = YES;
				CLANG_WARN_SUSPICIOUS_MOVE = YES;
				CLANG_WARN_UNGUARDED_AVAILABILITY = YES_AGGRESSIVE;
				CLANG_WARN_UNREACHABLE_CODE = YES;
				CLANG_WARN__DUPLICATE_METHOD_MATCH = YES;
				COPY_PHASE_STRIP = NO;
				DEBUG_INFORMATION_FORMAT = dwarf;
				ENABLE_STRICT_OBJC_MSGSEND = YES;
				ENABLE_TESTABILITY = YES;
				GCC_C_LANGUAGE_STANDARD = gnu11;
				GCC_DYNAMIC_NO_PIC = NO;
				GCC_NO_COMMON_BLOCKS = YES;
				GCC_OPTIMIZATION_LEVEL = 0;
				GCC_PREPROCESSOR_DEFINITIONS = (
					"DEBUG=1",
					"$(inherited)",
				);
				GCC_WARN_64_TO_32_BIT_CONVERSION = YES;
				GCC_WARN_ABOUT_RETURN_TYPE = YES_ERROR;
				GCC_WARN_UNDECLARED_SELECTOR = YES;
				GCC_WARN_UNINITIALIZED_AUTOS = YES_AGGRESSIVE;
				GCC_WARN_UNUSED_FUNCTION = YES;
				GCC_WARN_UNUSED_VARIABLE = YES;
				IPHONEOS_DEPLOYMENT_TARGET = 15.0;
				MTL_ENABLE_DEBUG_INFO = INCLUDE_SOURCE;
				MTL_FAST_MATH = YES;
				ONLY_ACTIVE_ARCH = YES;
				SDKROOT = iphoneos;
				SWIFT_ACTIVE_COMPILATION_CONDITIONS = DEBUG;
				SWIFT_OPTIMIZATION_LEVEL = "-Onone";
			};
			name = Debug;
		};
		044CAF3A278466150042EC19 /* Release */ = {
			isa = XCBuildConfiguration;
			buildSettings = {
				ALWAYS_SEARCH_USER_PATHS = NO;
				CLANG_ANALYZER_NONNULL = YES;
				CLANG_ANALYZER_NUMBER_OBJECT_CONVERSION = YES_AGGRESSIVE;
				CLANG_CXX_LANGUAGE_STANDARD = "gnu++17";
				CLANG_CXX_LIBRARY = "libc++";
				CLANG_ENABLE_MODULES = YES;
				CLANG_ENABLE_OBJC_ARC = YES;
				CLANG_ENABLE_OBJC_WEAK = YES;
				CLANG_WARN_BLOCK_CAPTURE_AUTORELEASING = YES;
				CLANG_WARN_BOOL_CONVERSION = YES;
				CLANG_WARN_COMMA = YES;
				CLANG_WARN_CONSTANT_CONVERSION = YES;
				CLANG_WARN_DEPRECATED_OBJC_IMPLEMENTATIONS = YES;
				CLANG_WARN_DIRECT_OBJC_ISA_USAGE = YES_ERROR;
				CLANG_WARN_DOCUMENTATION_COMMENTS = YES;
				CLANG_WARN_EMPTY_BODY = YES;
				CLANG_WARN_ENUM_CONVERSION = YES;
				CLANG_WARN_INFINITE_RECURSION = YES;
				CLANG_WARN_INT_CONVERSION = YES;
				CLANG_WARN_NON_LITERAL_NULL_CONVERSION = YES;
				CLANG_WARN_OBJC_IMPLICIT_RETAIN_SELF = YES;
				CLANG_WARN_OBJC_LITERAL_CONVERSION = YES;
				CLANG_WARN_OBJC_ROOT_CLASS = YES_ERROR;
				CLANG_WARN_QUOTED_INCLUDE_IN_FRAMEWORK_HEADER = YES;
				CLANG_WARN_RANGE_LOOP_ANALYSIS = YES;
				CLANG_WARN_STRICT_PROTOTYPES = YES;
				CLANG_WARN_SUSPICIOUS_MOVE = YES;
				CLANG_WARN_UNGUARDED_AVAILABILITY = YES_AGGRESSIVE;
				CLANG_WARN_UNREACHABLE_CODE = YES;
				CLANG_WARN__DUPLICATE_METHOD_MATCH = YES;
				COPY_PHASE_STRIP = NO;
				DEBUG_INFORMATION_FORMAT = "dwarf-with-dsym";
				ENABLE_NS_ASSERTIONS = NO;
				ENABLE_STRICT_OBJC_MSGSEND = YES;
				GCC_C_LANGUAGE_STANDARD = gnu11;
				GCC_NO_COMMON_BLOCKS = YES;
				GCC_WARN_64_TO_32_BIT_CONVERSION = YES;
				GCC_WARN_ABOUT_RETURN_TYPE = YES_ERROR;
				GCC_WARN_UNDECLARED_SELECTOR = YES;
				GCC_WARN_UNINITIALIZED_AUTOS = YES_AGGRESSIVE;
				GCC_WARN_UNUSED_FUNCTION = YES;
				GCC_WARN_UNUSED_VARIABLE = YES;
				IPHONEOS_DEPLOYMENT_TARGET = 15.0;
				MTL_ENABLE_DEBUG_INFO = NO;
				MTL_FAST_MATH = YES;
				SDKROOT = iphoneos;
				SWIFT_COMPILATION_MODE = wholemodule;
				SWIFT_OPTIMIZATION_LEVEL = "-O";
				VALIDATE_PRODUCT = YES;
			};
			name = Release;
		};
		044CAF3C278466150042EC19 /* Debug */ = {
			isa = XCBuildConfiguration;
			baseConfigurationReference = 4D9EA14F444E24F133E45968 /* Pods-BFit.debug.xcconfig */;
			buildSettings = {
				ASSETCATALOG_COMPILER_APPICON_NAME = AppIcon;
				ASSETCATALOG_COMPILER_GLOBAL_ACCENT_COLOR_NAME = AccentColor;
				CODE_SIGN_STYLE = Automatic;
				CURRENT_PROJECT_VERSION = 1;
				DEVELOPMENT_TEAM = SLGC8CG59T;
				GENERATE_INFOPLIST_FILE = YES;
				INFOPLIST_FILE = BFit/Info.plist;
				INFOPLIST_KEY_UIApplicationSupportsIndirectInputEvents = YES;
				INFOPLIST_KEY_UILaunchStoryboardName = LaunchScreen;
				INFOPLIST_KEY_UIMainStoryboardFile = Main;
				INFOPLIST_KEY_UISupportedInterfaceOrientations_iPad = "UIInterfaceOrientationPortrait UIInterfaceOrientationPortraitUpsideDown UIInterfaceOrientationLandscapeLeft UIInterfaceOrientationLandscapeRight";
				INFOPLIST_KEY_UISupportedInterfaceOrientations_iPhone = "UIInterfaceOrientationPortrait UIInterfaceOrientationLandscapeLeft UIInterfaceOrientationLandscapeRight";
				LD_RUNPATH_SEARCH_PATHS = (
					"$(inherited)",
					"@executable_path/Frameworks",
				);
				MARKETING_VERSION = 1.0;
				PRODUCT_BUNDLE_IDENTIFIER = none.BFit;
				PRODUCT_NAME = "$(TARGET_NAME)";
				SWIFT_EMIT_LOC_STRINGS = YES;
				SWIFT_VERSION = 5.0;
				TARGETED_DEVICE_FAMILY = "1,2";
			};
			name = Debug;
		};
		044CAF3D278466150042EC19 /* Release */ = {
			isa = XCBuildConfiguration;
			baseConfigurationReference = 4F44D7A55C7C257EE802FC43 /* Pods-BFit.release.xcconfig */;
			buildSettings = {
				ASSETCATALOG_COMPILER_APPICON_NAME = AppIcon;
				ASSETCATALOG_COMPILER_GLOBAL_ACCENT_COLOR_NAME = AccentColor;
				CODE_SIGN_STYLE = Automatic;
				CURRENT_PROJECT_VERSION = 1;
				DEVELOPMENT_TEAM = SLGC8CG59T;
				GENERATE_INFOPLIST_FILE = YES;
				INFOPLIST_FILE = BFit/Info.plist;
				INFOPLIST_KEY_UIApplicationSupportsIndirectInputEvents = YES;
				INFOPLIST_KEY_UILaunchStoryboardName = LaunchScreen;
				INFOPLIST_KEY_UIMainStoryboardFile = Main;
				INFOPLIST_KEY_UISupportedInterfaceOrientations_iPad = "UIInterfaceOrientationPortrait UIInterfaceOrientationPortraitUpsideDown UIInterfaceOrientationLandscapeLeft UIInterfaceOrientationLandscapeRight";
				INFOPLIST_KEY_UISupportedInterfaceOrientations_iPhone = "UIInterfaceOrientationPortrait UIInterfaceOrientationLandscapeLeft UIInterfaceOrientationLandscapeRight";
				LD_RUNPATH_SEARCH_PATHS = (
					"$(inherited)",
					"@executable_path/Frameworks",
				);
				MARKETING_VERSION = 1.0;
				PRODUCT_BUNDLE_IDENTIFIER = none.BFit;
				PRODUCT_NAME = "$(TARGET_NAME)";
				SWIFT_EMIT_LOC_STRINGS = YES;
				SWIFT_VERSION = 5.0;
				TARGETED_DEVICE_FAMILY = "1,2";
			};
			name = Release;
		};
/* End XCBuildConfiguration section */

/* Begin XCConfigurationList section */
		044CAF22278466080042EC19 /* Build configuration list for PBXProject "BFit" */ = {
			isa = XCConfigurationList;
			buildConfigurations = (
				044CAF39278466150042EC19 /* Debug */,
				044CAF3A278466150042EC19 /* Release */,
			);
			defaultConfigurationIsVisible = 0;
			defaultConfigurationName = Release;
		};
		044CAF3B278466150042EC19 /* Build configuration list for PBXNativeTarget "BFit" */ = {
			isa = XCConfigurationList;
			buildConfigurations = (
				044CAF3C278466150042EC19 /* Debug */,
				044CAF3D278466150042EC19 /* Release */,
			);
			defaultConfigurationIsVisible = 0;
			defaultConfigurationName = Release;
		};
/* End XCConfigurationList section */
	};
	rootObject = 044CAF1F278466080042EC19 /* Project object */;
}
